
Microsoft Visual Studio Solution File, Format Version 12.00
# Visual Studio Version 17
VisualStudioVersion = 17.14.36408.4
MinimumVisualStudioVersion = 10.0.40219.1
Project("{FAE04EC0-301F-11D3-BF4B-00C04F79EFBC}") = "Company.Project.Entitys", "Company.Project.Entitys\Company.Project.Entitys.csproj", "{CA540660-FC51-4727-9C3E-63886CA9F6B8}"
EndProject
Project("{FAE04EC0-301F-11D3-BF4B-00C04F79EFBC}") = "Company.Project.Data", "Company.Project.Data\Company.Project.Data.csproj", "{4B959E38-5B4F-431D-948C-90B3E994088F}"
EndProject
Project("{FAE04EC0-301F-11D3-BF4B-00C04F79EFBC}") = "Company.Project.Bussiness", "Company.Project.Bussiness\Company.Project.Bussiness.csproj", "{A0090049-6311-4A4A-A396-010D4B116CAA}"
EndProject
Project("{FAE04EC0-301F-11D3-BF4B-00C04F79EFBC}") = "Company.Project.Front", "Company.Project.Front\Company.Project.Front.csproj", "{BD040DEF-FFBD-469D-A32F-E641F9F65C79}"
EndProject
Global
	GlobalSection(SolutionConfigurationPlatforms) = preSolution
		Debug|Any CPU = Debug|Any CPU
		Release|Any CPU = Release|Any CPU
	EndGlobalSection
	GlobalSection(ProjectConfigurationPlatforms) = postSolution
		{CA540660-FC51-4727-9C3E-63886CA9F6B8}.Debug|Any CPU.ActiveCfg = Debug|Any CPU
		{CA540660-FC51-4727-9C3E-63886CA9F6B8}.Debug|Any CPU.Build.0 = Debug|Any CPU
		{CA540660-FC51-4727-9C3E-63886CA9F6B8}.Release|Any CPU.ActiveCfg = Release|Any CPU
		{CA540660-FC51-4727-9C3E-63886CA9F6B8}.Release|Any CPU.Build.0 = Release|Any CPU
		{4B959E38-5B4F-431D-948C-90B3E994088F}.Debug|Any CPU.ActiveCfg = Debug|Any CPU
		{4B959E38-5B4F-431D-948C-90B3E994088F}.Debug|Any CPU.Build.0 = Debug|Any CPU
		{4B959E38-5B4F-431D-948C-90B3E994088F}.Release|Any CPU.ActiveCfg = Release|Any CPU
		{4B959E38-5B4F-431D-948C-90B3E994088F}.Release|Any CPU.Build.0 = Release|Any CPU
		{A0090049-6311-4A4A-A396-010D4B116CAA}.Debug|Any CPU.ActiveCfg = Debug|Any CPU
		{A0090049-6311-4A4A-A396-010D4B116CAA}.Debug|Any CPU.Build.0 = Debug|Any CPU
		{A0090049-6311-4A4A-A396-010D4B116CAA}.Release|Any CPU.ActiveCfg = Release|Any CPU
		{A0090049-6311-4A4A-A396-010D4B116CAA}.Release|Any CPU.Build.0 = Release|Any CPU
		{BD040DEF-FFBD-469D-A32F-E641F9F65C79}.Debug|Any CPU.ActiveCfg = Debug|Any CPU
		{BD040DEF-FFBD-469D-A32F-E641F9F65C79}.Debug|Any CPU.Build.0 = Debug|Any CPU
		{BD040DEF-FFBD-469D-A32F-E641F9F65C79}.Release|Any CPU.ActiveCfg = Release|Any CPU
		{BD040DEF-FFBD-469D-A32F-E641F9F65C79}.Release|Any CPU.Build.0 = Release|Any CPU
	EndGlobalSection
	GlobalSection(SolutionProperties) = preSolution
		HideSolutionNode = FALSE
	EndGlobalSection
	GlobalSection(ExtensibilityGlobals) = postSolution
		SolutionGuid = {612A9DFF-2DBC-4686-A3FA-E01D747F6AB7}
	EndGlobalSection
EndGlobal
